// !$*UTF8*$!
{
	archiveVersion = 1;
	classes = {
	};
	objectVersion = 48;
	objects = {

/* Begin PBXBuildFile section */
		7B15695820FBECAE00753184 /* Arrow.swift in Sources */ = {isa = PBXBuildFile; fileRef = 7B15695720FBECAE00753184 /* Arrow.swift */; };
		7B18095B20FA453F009B0852 /* AppDelegate.swift in Sources */ = {isa = PBXBuildFile; fileRef = 7B18095A20FA453F009B0852 /* AppDelegate.swift */; };
		7B18095D20FA453F009B0852 /* ViewController.swift in Sources */ = {isa = PBXBuildFile; fileRef = 7B18095C20FA453F009B0852 /* ViewController.swift */; };
		7B18096020FA453F009B0852 /* Main.storyboard in Resources */ = {isa = PBXBuildFile; fileRef = 7B18095E20FA453F009B0852 /* Main.storyboard */; };
		7B18096220FA453F009B0852 /* Assets.xcassets in Resources */ = {isa = PBXBuildFile; fileRef = 7B18096120FA453F009B0852 /* Assets.xcassets */; };
		7B18096520FA453F009B0852 /* LaunchScreen.storyboard in Resources */ = {isa = PBXBuildFile; fileRef = 7B18096320FA453F009B0852 /* LaunchScreen.storyboard */; };
		7B18097020FA453F009B0852 /* ControlCenterCopyTests.swift in Sources */ = {isa = PBXBuildFile; fileRef = 7B18096F20FA453F009B0852 /* ControlCenterCopyTests.swift */; };
		7B18097B20FA453F009B0852 /* ControlCenterCopyUITests.swift in Sources */ = {isa = PBXBuildFile; fileRef = 7B18097A20FA453F009B0852 /* ControlCenterCopyUITests.swift */; };
		7B18098920FA47F7009B0852 /* ControlCenterView.swift in Sources */ = {isa = PBXBuildFile; fileRef = 7B18098820FA47F7009B0852 /* ControlCenterView.swift */; };
		7B18098D20FA5814009B0852 /* CustomViewController.swift in Sources */ = {isa = PBXBuildFile; fileRef = 7B18098C20FA5814009B0852 /* CustomViewController.swift */; };
		7B18098F20FA6427009B0852 /* ControlsView.swift in Sources */ = {isa = PBXBuildFile; fileRef = 7B18098E20FA6427009B0852 /* ControlsView.swift */; };
/* End PBXBuildFile section */

/* Begin PBXContainerItemProxy section */
		7B18096C20FA453F009B0852 /* PBXContainerItemProxy */ = {
			isa = PBXContainerItemProxy;
			containerPortal = 7B18094F20FA453F009B0852 /* Project object */;
			proxyType = 1;
			remoteGlobalIDString = 7B18095620FA453F009B0852;
			remoteInfo = ControlCenterCopy;
		};
		7B18097720FA453F009B0852 /* PBXContainerItemProxy */ = {
			isa = PBXContainerItemProxy;
			containerPortal = 7B18094F20FA453F009B0852 /* Project object */;
			proxyType = 1;
			remoteGlobalIDString = 7B18095620FA453F009B0852;
			remoteInfo = ControlCenterCopy;
		};
/* End PBXContainerItemProxy section */

/* Begin PBXFileReference section */
		7B15695720FBECAE00753184 /* Arrow.swift */ = {isa = PBXFileReference; fileEncoding = 4; lastKnownFileType = sourcecode.swift; path = Arrow.swift; sourceTree = "<group>"; };
		7B18095720FA453F009B0852 /* ControlCenterCopy.app */ = {isa = PBXFileReference; explicitFileType = wrapper.application; includeInIndex = 0; path = ControlCenterCopy.app; sourceTree = BUILT_PRODUCTS_DIR; };
		7B18095A20FA453F009B0852 /* AppDelegate.swift */ = {isa = PBXFileReference; lastKnownFileType = sourcecode.swift; path = AppDelegate.swift; sourceTree = "<group>"; };
		7B18095C20FA453F009B0852 /* ViewController.swift */ = {isa = PBXFileReference; lastKnownFileType = sourcecode.swift; path = ViewController.swift; sourceTree = "<group>"; };
		7B18095F20FA453F009B0852 /* Base */ = {isa = PBXFileReference; lastKnownFileType = file.storyboard; name = Base; path = Base.lproj/Main.storyboard; sourceTree = "<group>"; };
		7B18096120FA453F009B0852 /* Assets.xcassets */ = {isa = PBXFileReference; lastKnownFileType = folder.assetcatalog; path = Assets.xcassets; sourceTree = "<group>"; };
		7B18096420FA453F009B0852 /* Base */ = {isa = PBXFileReference; lastKnownFileType = file.storyboard; name = Base; path = Base.lproj/LaunchScreen.storyboard; sourceTree = "<group>"; };
		7B18096620FA453F009B0852 /* Info.plist */ = {isa = PBXFileReference; lastKnownFileType = text.plist.xml; path = Info.plist; sourceTree = "<group>"; };
		7B18096B20FA453F009B0852 /* ControlCenterCopyTests.xctest */ = {isa = PBXFileReference; explicitFileType = wrapper.cfbundle; includeInIndex = 0; path = ControlCenterCopyTests.xctest; sourceTree = BUILT_PRODUCTS_DIR; };
		7B18096F20FA453F009B0852 /* ControlCenterCopyTests.swift */ = {isa = PBXFileReference; lastKnownFileType = sourcecode.swift; path = ControlCenterCopyTests.swift; sourceTree = "<group>"; };
		7B18097120FA453F009B0852 /* Info.plist */ = {isa = PBXFileReference; lastKnownFileType = text.plist.xml; path = Info.plist; sourceTree = "<group>"; };
		7B18097620FA453F009B0852 /* ControlCenterCopyUITests.xctest */ = {isa = PBXFileReference; explicitFileType = wrapper.cfbundle; includeInIndex = 0; path = ControlCenterCopyUITests.xctest; sourceTree = BUILT_PRODUCTS_DIR; };
		7B18097A20FA453F009B0852 /* ControlCenterCopyUITests.swift */ = {isa = PBXFileReference; lastKnownFileType = sourcecode.swift; path = ControlCenterCopyUITests.swift; sourceTree = "<group>"; };
		7B18097C20FA453F009B0852 /* Info.plist */ = {isa = PBXFileReference; lastKnownFileType = text.plist.xml; path = Info.plist; sourceTree = "<group>"; };
		7B18098820FA47F7009B0852 /* ControlCenterView.swift */ = {isa = PBXFileReference; lastKnownFileType = sourcecode.swift; path = ControlCenterView.swift; sourceTree = "<group>"; };
		7B18098C20FA5814009B0852 /* CustomViewController.swift */ = {isa = PBXFileReference; lastKnownFileType = sourcecode.swift; path = CustomViewController.swift; sourceTree = "<group>"; };
		7B18098E20FA6427009B0852 /* ControlsView.swift */ = {isa = PBXFileReference; lastKnownFileType = sourcecode.swift; path = ControlsView.swift; sourceTree = "<group>"; };
/* End PBXFileReference section */

/* Begin PBXFrameworksBuildPhase section */
		7B18095420FA453F009B0852 /* Frameworks */ = {
			isa = PBXFrameworksBuildPhase;
			buildActionMask = 2147483647;
			files = (
			);
			runOnlyForDeploymentPostprocessing = 0;
		};
		7B18096820FA453F009B0852 /* Frameworks */ = {
			isa = PBXFrameworksBuildPhase;
			buildActionMask = 2147483647;
			files = (
			);
			runOnlyForDeploymentPostprocessing = 0;
		};
		7B18097320FA453F009B0852 /* Frameworks */ = {
			isa = PBXFrameworksBuildPhase;
			buildActionMask = 2147483647;
			files = (
			);
			runOnlyForDeploymentPostprocessing = 0;
		};
/* End PBXFrameworksBuildPhase section */

/* Begin PBXGroup section */
		7B18094E20FA453F009B0852 = {
			isa = PBXGroup;
			children = (
				7B18095920FA453F009B0852 /* ControlCenterCopy */,
				7B18096E20FA453F009B0852 /* ControlCenterCopyTests */,
				7B18097920FA453F009B0852 /* ControlCenterCopyUITests */,
				7B18095820FA453F009B0852 /* Products */,
			);
			sourceTree = "<group>";
		};
		7B18095820FA453F009B0852 /* Products */ = {
			isa = PBXGroup;
			children = (
				7B18095720FA453F009B0852 /* ControlCenterCopy.app */,
				7B18096B20FA453F009B0852 /* ControlCenterCopyTests.xctest */,
				7B18097620FA453F009B0852 /* ControlCenterCopyUITests.xctest */,
			);
			name = Products;
			sourceTree = "<group>";
		};
		7B18095920FA453F009B0852 /* ControlCenterCopy */ = {
			isa = PBXGroup;
			children = (
				7B18095A20FA453F009B0852 /* AppDelegate.swift */,
				7B18095C20FA453F009B0852 /* ViewController.swift */,
				7B18098C20FA5814009B0852 /* CustomViewController.swift */,
				7B18098820FA47F7009B0852 /* ControlCenterView.swift */,
				7B15695720FBECAE00753184 /* Arrow.swift */,
				7B18098E20FA6427009B0852 /* ControlsView.swift */,
				7B18095E20FA453F009B0852 /* Main.storyboard */,
				7B18096120FA453F009B0852 /* Assets.xcassets */,
				7B18096320FA453F009B0852 /* LaunchScreen.storyboard */,
				7B18096620FA453F009B0852 /* Info.plist */,
			);
			path = ControlCenterCopy;
			sourceTree = "<group>";
		};
		7B18096E20FA453F009B0852 /* ControlCenterCopyTests */ = {
			isa = PBXGroup;
			children = (
				7B18096F20FA453F009B0852 /* ControlCenterCopyTests.swift */,
				7B18097120FA453F009B0852 /* Info.plist */,
			);
			path = ControlCenterCopyTests;
			sourceTree = "<group>";
		};
		7B18097920FA453F009B0852 /* ControlCenterCopyUITests */ = {
			isa = PBXGroup;
			children = (
				7B18097A20FA453F009B0852 /* ControlCenterCopyUITests.swift */,
				7B18097C20FA453F009B0852 /* Info.plist */,
			);
			path = ControlCenterCopyUITests;
			sourceTree = "<group>";
		};
/* End PBXGroup section */

/* Begin PBXNativeTarget section */
		7B18095620FA453F009B0852 /* ControlCenterCopy */ = {
			isa = PBXNativeTarget;
			buildConfigurationList = 7B18097F20FA453F009B0852 /* Build configuration list for PBXNativeTarget "ControlCenterCopy" */;
			buildPhases = (
				7B18095320FA453F009B0852 /* Sources */,
				7B18095420FA453F009B0852 /* Frameworks */,
				7B18095520FA453F009B0852 /* Resources */,
			);
			buildRules = (
			);
			dependencies = (
			);
			name = ControlCenterCopy;
			productName = ControlCenterCopy;
			productReference = 7B18095720FA453F009B0852 /* ControlCenterCopy.app */;
			productType = "com.apple.product-type.application";
		};
		7B18096A20FA453F009B0852 /* ControlCenterCopyTests */ = {
			isa = PBXNativeTarget;
			buildConfigurationList = 7B18098220FA453F009B0852 /* Build configuration list for PBXNativeTarget "ControlCenterCopyTests" */;
			buildPhases = (
				7B18096720FA453F009B0852 /* Sources */,
				7B18096820FA453F009B0852 /* Frameworks */,
				7B18096920FA453F009B0852 /* Resources */,
			);
			buildRules = (
			);
			dependencies = (
				7B18096D20FA453F009B0852 /* PBXTargetDependency */,
			);
			name = ControlCenterCopyTests;
			productName = ControlCenterCopyTests;
			productReference = 7B18096B20FA453F009B0852 /* ControlCenterCopyTests.xctest */;
			productType = "com.apple.product-type.bundle.unit-test";
		};
		7B18097520FA453F009B0852 /* ControlCenterCopyUITests */ = {
			isa = PBXNativeTarget;
			buildConfigurationList = 7B18098520FA453F009B0852 /* Build configuration list for PBXNativeTarget "ControlCenterCopyUITests" */;
			buildPhases = (
				7B18097220FA453F009B0852 /* Sources */,
				7B18097320FA453F009B0852 /* Frameworks */,
				7B18097420FA453F009B0852 /* Resources */,
			);
			buildRules = (
			);
			dependencies = (
				7B18097820FA453F009B0852 /* PBXTargetDependency */,
			);
			name = ControlCenterCopyUITests;
			productName = ControlCenterCopyUITests;
			productReference = 7B18097620FA453F009B0852 /* ControlCenterCopyUITests.xctest */;
			productType = "com.apple.product-type.bundle.ui-testing";
		};
/* End PBXNativeTarget section */

/* Begin PBXProject section */
		7B18094F20FA453F009B0852 /* Project object */ = {
			isa = PBXProject;
			attributes = {
				LastSwiftUpdateCheck = 0920;
				LastUpgradeCheck = 0920;
				ORGANIZATIONNAME = "Daniel Hjärtström";
				TargetAttributes = {
					7B18095620FA453F009B0852 = {
						CreatedOnToolsVersion = 9.2;
						ProvisioningStyle = Automatic;
					};
					7B18096A20FA453F009B0852 = {
						CreatedOnToolsVersion = 9.2;
						ProvisioningStyle = Automatic;
						TestTargetID = 7B18095620FA453F009B0852;
					};
					7B18097520FA453F009B0852 = {
						CreatedOnToolsVersion = 9.2;
						ProvisioningStyle = Automatic;
						TestTargetID = 7B18095620FA453F009B0852;
					};
				};
			};
			buildConfigurationList = 7B18095220FA453F009B0852 /* Build configuration list for PBXProject "ControlCenterCopy" */;
			compatibilityVersion = "Xcode 8.0";
			developmentRegion = en;
			hasScannedForEncodings = 0;
			knownRegions = (
				en,
				Base,
			);
			mainGroup = 7B18094E20FA453F009B0852;
			productRefGroup = 7B18095820FA453F009B0852 /* Products */;
			projectDirPath = "";
			projectRoot = "";
			targets = (
				7B18095620FA453F009B0852 /* ControlCenterCopy */,
				7B18096A20FA453F009B0852 /* ControlCenterCopyTests */,
				7B18097520FA453F009B0852 /* ControlCenterCopyUITests */,
			);
		};
/* End PBXProject section */

/* Begin PBXResourcesBuildPhase section */
		7B18095520FA453F009B0852 /* Resources */ = {
			isa = PBXResourcesBuildPhase;
			buildActionMask = 2147483647;
			files = (
				7B18096520FA453F009B0852 /* LaunchScreen.storyboard in Resources */,
				7B18096220FA453F009B0852 /* Assets.xcassets in Resources */,
				7B18096020FA453F009B0852 /* Main.storyboard in Resources */,
			);
			runOnlyForDeploymentPostprocessing = 0;
		};
		7B18096920FA453F009B0852 /* Resources */ = {
			isa = PBXResourcesBuildPhase;
			buildActionMask = 2147483647;
			files = (
			);
			runOnlyForDeploymentPostprocessing = 0;
		};
		7B18097420FA453F009B0852 /* Resources */ = {
			isa = PBXResourcesBuildPhase;
			buildActionMask = 2147483647;
			files = (
			);
			runOnlyForDeploymentPostprocessing = 0;
		};
/* End PBXResourcesBuildPhase section */

/* Begin PBXSourcesBuildPhase section */
		7B18095320FA453F009B0852 /* Sources */ = {
			isa = PBXSourcesBuildPhase;
			buildActionMask = 2147483647;
			files = (
				7B18095D20FA453F009B0852 /* ViewController.swift in Sources */,
				7B18095B20FA453F009B0852 /* AppDelegate.swift in Sources */,
				7B18098920FA47F7009B0852 /* ControlCenterView.swift in Sources */,
				7B18098F20FA6427009B0852 /* ControlsView.swift in Sources */,
				7B18098D20FA5814009B0852 /* CustomViewController.swift in Sources */,
				7B15695820FBECAE00753184 /* Arrow.swift in Sources */,
			);
			runOnlyForDeploymentPostprocessing = 0;
		};
		7B18096720FA453F009B0852 /* Sources */ = {
			isa = PBXSourcesBuildPhase;
			buildActionMask = 2147483647;
			files = (
				7B18097020FA453F009B0852 /* ControlCenterCopyTests.swift in Sources */,
			);
			runOnlyForDeploymentPostprocessing = 0;
		};
		7B18097220FA453F009B0852 /* Sources */ = {
			isa = PBXSourcesBuildPhase;
			buildActionMask = 2147483647;
			files = (
				7B18097B20FA453F009B0852 /* ControlCenterCopyUITests.swift in Sources */,
			);
			runOnlyForDeploymentPostprocessing = 0;
		};
/* End PBXSourcesBuildPhase section */

/* Begin PBXTargetDependency section */
		7B18096D20FA453F009B0852 /* PBXTargetDependency */ = {
			isa = PBXTargetDependency;
			target = 7B18095620FA453F009B0852 /* ControlCenterCopy */;
			targetProxy = 7B18096C20FA453F009B0852 /* PBXContainerItemProxy */;
		};
		7B18097820FA453F009B0852 /* PBXTargetDependency */ = {
			isa = PBXTargetDependency;
			target = 7B18095620FA453F009B0852 /* ControlCenterCopy */;
			targetProxy = 7B18097720FA453F009B0852 /* PBXContainerItemProxy */;
		};
/* End PBXTargetDependency section */

/* Begin PBXVariantGroup section */
		7B18095E20FA453F009B0852 /* Main.storyboard */ = {
			isa = PBXVariantGroup;
			children = (
				7B18095F20FA453F009B0852 /* Base */,
			);
			name = Main.storyboard;
			sourceTree = "<group>";
		};
		7B18096320FA453F009B0852 /* LaunchScreen.storyboard */ = {
			isa = PBXVariantGroup;
			children = (
				7B18096420FA453F009B0852 /* Base */,
			);
			name = LaunchScreen.storyboard;
			sourceTree = "<group>";
		};
/* End PBXVariantGroup section */

/* Begin XCBuildConfiguration section */
		7B18097D20FA453F009B0852 /* Debug */ = {
			isa = XCBuildConfiguration;
			buildSettings = {
				ALWAYS_SEARCH_USER_PATHS = NO;
				CLANG_ANALYZER_NONNULL = YES;
				CLANG_ANALYZER_NUMBER_OBJECT_CONVERSION = YES_AGGRESSIVE;
				CLANG_CXX_LANGUAGE_STANDARD = "gnu++14";
				CLANG_CXX_LIBRARY = "libc++";
				CLANG_ENABLE_MODULES = YES;
				CLANG_ENABLE_OBJC_ARC = YES;
				CLANG_WARN_BLOCK_CAPTURE_AUTORELEASING = YES;
				CLANG_WARN_BOOL_CONVERSION = YES;
				CLANG_WARN_COMMA = YES;
				CLANG_WARN_CONSTANT_CONVERSION = YES;
				CLANG_WARN_DIRECT_OBJC_ISA_USAGE = YES_ERROR;
				CLANG_WARN_DOCUMENTATION_COMMENTS = YES;
				CLANG_WARN_EMPTY_BODY = YES;
				CLANG_WARN_ENUM_CONVERSION = YES;
				CLANG_WARN_INFINITE_RECURSION = YES;
				CLANG_WARN_INT_CONVERSION = YES;
				CLANG_WARN_NON_LITERAL_NULL_CONVERSION = YES;
				CLANG_WARN_OBJC_LITERAL_CONVERSION = YES;
				CLANG_WARN_OBJC_ROOT_CLASS = YES_ERROR;
				CLANG_WARN_RANGE_LOOP_ANALYSIS = YES;
				CLANG_WARN_STRICT_PROTOTYPES = YES;
				CLANG_WARN_SUSPICIOUS_MOVE = YES;
				CLANG_WARN_UNGUARDED_AVAILABILITY = YES_AGGRESSIVE;
				CLANG_WARN_UNREACHABLE_CODE = YES;
				CLANG_WARN__DUPLICATE_METHOD_MATCH = YES;
				CODE_SIGN_IDENTITY = "iPhone Developer";
				COPY_PHASE_STRIP = NO;
				DEBUG_INFORMATION_FORMAT = dwarf;
				ENABLE_STRICT_OBJC_MSGSEND = YES;
				ENABLE_TESTABILITY = YES;
				GCC_C_LANGUAGE_STANDARD = gnu11;
				GCC_DYNAMIC_NO_PIC = NO;
				GCC_NO_COMMON_BLOCKS = YES;
				GCC_OPTIMIZATION_LEVEL = 0;
				GCC_PREPROCESSOR_DEFINITIONS = (
					"DEBUG=1",
					"$(inherited)",
				);
				GCC_WARN_64_TO_32_BIT_CONVERSION = YES;
				GCC_WARN_ABOUT_RETURN_TYPE = YES_ERROR;
				GCC_WARN_UNDECLARED_SELECTOR = YES;
				GCC_WARN_UNINITIALIZED_AUTOS = YES_AGGRESSIVE;
				GCC_WARN_UNUSED_FUNCTION = YES;
				GCC_WARN_UNUSED_VARIABLE = YES;
				IPHONEOS_DEPLOYMENT_TARGET = 11.2;
				MTL_ENABLE_DEBUG_INFO = YES;
				ONLY_ACTIVE_ARCH = YES;
				SDKROOT = iphoneos;
				SWIFT_ACTIVE_COMPILATION_CONDITIONS = DEBUG;
				SWIFT_OPTIMIZATION_LEVEL = "-Onone";
			};
			name = Debug;
		};
		7B18097E20FA453F009B0852 /* Release */ = {
			isa = XCBuildConfiguration;
			buildSettings = {
				ALWAYS_SEARCH_USER_PATHS = NO;
				CLANG_ANALYZER_NONNULL = YES;
				CLANG_ANALYZER_NUMBER_OBJECT_CONVERSION = YES_AGGRESSIVE;
				CLANG_CXX_LANGUAGE_STANDARD = "gnu++14";
				CLANG_CXX_LIBRARY = "libc++";
				CLANG_ENABLE_MODULES = YES;
				CLANG_ENABLE_OBJC_ARC = YES;
				CLANG_WARN_BLOCK_CAPTURE_AUTORELEASING = YES;
				CLANG_WARN_BOOL_CONVERSION = YES;
				CLANG_WARN_COMMA = YES;
				CLANG_WARN_CONSTANT_CONVERSION = YES;
				CLANG_WARN_DIRECT_OBJC_ISA_USAGE = YES_ERROR;
				CLANG_WARN_DOCUMENTATION_COMMENTS = YES;
				CLANG_WARN_EMPTY_BODY = YES;
				CLANG_WARN_ENUM_CONVERSION = YES;
				CLANG_WARN_INFINITE_RECURSION = YES;
				CLANG_WARN_INT_CONVERSION = YES;
				CLANG_WARN_NON_LITERAL_NULL_CONVERSION = YES;
				CLANG_WARN_OBJC_LITERAL_CONVERSION = YES;
				CLANG_WARN_OBJC_ROOT_CLASS = YES_ERROR;
				CLANG_WARN_RANGE_LOOP_ANALYSIS = YES;
				CLANG_WARN_STRICT_PROTOTYPES = YES;
				CLANG_WARN_SUSPICIOUS_MOVE = YES;
				CLANG_WARN_UNGUARDED_AVAILABILITY = YES_AGGRESSIVE;
				CLANG_WARN_UNREACHABLE_CODE = YES;
				CLANG_WARN__DUPLICATE_METHOD_MATCH = YES;
				CODE_SIGN_IDENTITY = "iPhone Developer";
				COPY_PHASE_STRIP = NO;
				DEBUG_INFORMATION_FORMAT = "dwarf-with-dsym";
				ENABLE_NS_ASSERTIONS = NO;
				ENABLE_STRICT_OBJC_MSGSEND = YES;
				GCC_C_LANGUAGE_STANDARD = gnu11;
				GCC_NO_COMMON_BLOCKS = YES;
				GCC_WARN_64_TO_32_BIT_CONVERSION = YES;
				GCC_WARN_ABOUT_RETURN_TYPE = YES_ERROR;
				GCC_WARN_UNDECLARED_SELECTOR = YES;
				GCC_WARN_UNINITIALIZED_AUTOS = YES_AGGRESSIVE;
				GCC_WARN_UNUSED_FUNCTION = YES;
				GCC_WARN_UNUSED_VARIABLE = YES;
				IPHONEOS_DEPLOYMENT_TARGET = 11.2;
				MTL_ENABLE_DEBUG_INFO = NO;
				SDKROOT = iphoneos;
				SWIFT_OPTIMIZATION_LEVEL = "-Owholemodule";
				VALIDATE_PRODUCT = YES;
			};
			name = Release;
		};
		7B18098020FA453F009B0852 /* Debug */ = {
			isa = XCBuildConfiguration;
			buildSettings = {
				ASSETCATALOG_COMPILER_APPICON_NAME = AppIcon;
				CODE_SIGN_STYLE = Automatic;
				DEVELOPMENT_TEAM = 6ZL797GF7H;
				INFOPLIST_FILE = ControlCenterCopy/Info.plist;
				LD_RUNPATH_SEARCH_PATHS = "$(inherited) @executable_path/Frameworks";
				PRODUCT_BUNDLE_IDENTIFIER = com.danielhjartstrom.ControlCenterCopy;
				PRODUCT_NAME = "$(TARGET_NAME)";
				SWIFT_VERSION = 4.0;
				TARGETED_DEVICE_FAMILY = "1,2";
			};
			name = Debug;
		};
		7B18098120FA453F009B0852 /* Release */ = {
			isa = XCBuildConfiguration;
			buildSettings = {
				ASSETCATALOG_COMPILER_APPICON_NAME = AppIcon;
				CODE_SIGN_STYLE = Automatic;
				DEVELOPMENT_TEAM = 6ZL797GF7H;
				INFOPLIST_FILE = ControlCenterCopy/Info.plist;
				LD_RUNPATH_SEARCH_PATHS = "$(inherited) @executable_path/Frameworks";
				PRODUCT_BUNDLE_IDENTIFIER = com.danielhjartstrom.ControlCenterCopy;
				PRODUCT_NAME = "$(TARGET_NAME)";
				SWIFT_VERSION = 4.0;
				TARGETED_DEVICE_FAMILY = "1,2";
			};
			name = Release;
		};
		7B18098320FA453F009B0852 /* Debug */ = {
			isa = XCBuildConfiguration;
			buildSettings = {
				ALWAYS_EMBED_SWIFT_STANDARD_LIBRARIES = YES;
				BUNDLE_LOADER = "$(TEST_HOST)";
				CODE_SIGN_STYLE = Automatic;
				DEVELOPMENT_TEAM = 6ZL797GF7H;
				INFOPLIST_FILE = ControlCenterCopyTests/Info.plist;
				LD_RUNPATH_SEARCH_PATHS = "$(inherited) @executable_path/Frameworks @loader_path/Frameworks";
				PRODUCT_BUNDLE_IDENTIFIER = com.danielhjartstrom.ControlCenterCopyTests;
				PRODUCT_NAME = "$(TARGET_NAME)";
				SWIFT_VERSION = 4.0;
				TARGETED_DEVICE_FAMILY = "1,2";
				TEST_HOST = "$(BUILT_PRODUCTS_DIR)/ControlCenterCopy.app/ControlCenterCopy";
			};
			name = Debug;
		};
		7B18098420FA453F009B0852 /* Release */ = {
			isa = XCBuildConfiguration;
			buildSettings = {
				ALWAYS_EMBED_SWIFT_STANDARD_LIBRARIES = YES;
				BUNDLE_LOADER = "$(TEST_HOST)";
				CODE_SIGN_STYLE = Automatic;
				DEVELOPMENT_TEAM = 6ZL797GF7H;
				INFOPLIST_FILE = ControlCenterCopyTests/Info.plist;
				LD_RUNPATH_SEARCH_PATHS = "$(inherited) @executable_path/Frameworks @loader_path/Frameworks";
				PRODUCT_BUNDLE_IDENTIFIER = com.danielhjartstrom.ControlCenterCopyTests;
				PRODUCT_NAME = "$(TARGET_NAME)";
				SWIFT_VERSION = 4.0;
				TARGETED_DEVICE_FAMILY = "1,2";
				TEST_HOST = "$(BUILT_PRODUCTS_DIR)/ControlCenterCopy.app/ControlCenterCopy";
			};
			name = Release;
		};
		7B18098620FA453F009B0852 /* Debug */ = {
			isa = XCBuildConfiguration;
			buildSettings = {
				ALWAYS_EMBED_SWIFT_STANDARD_LIBRARIES = YES;
				CODE_SIGN_STYLE = Automatic;
				DEVELOPMENT_TEAM = 6ZL797GF7H;
				INFOPLIST_FILE = ControlCenterCopyUITests/Info.plist;
				LD_RUNPATH_SEARCH_PATHS = "$(inherited) @executable_path/Frameworks @loader_path/Frameworks";
				PRODUCT_BUNDLE_IDENTIFIER = com.danielhjartstrom.ControlCenterCopyUITests;
				PRODUCT_NAME = "$(TARGET_NAME)";
				SWIFT_VERSION = 4.0;
				TARGETED_DEVICE_FAMILY = "1,2";
				TEST_TARGET_NAME = ControlCenterCopy;
			};
			name = Debug;
		};
		7B18098720FA453F009B0852 /* Release */ = {
			isa = XCBuildConfiguration;
			buildSettings = {
				ALWAYS_EMBED_SWIFT_STANDARD_LIBRARIES = YES;
				CODE_SIGN_STYLE = Automatic;
				DEVELOPMENT_TEAM = 6ZL797GF7H;
				INFOPLIST_FILE = ControlCenterCopyUITests/Info.plist;
				LD_RUNPATH_SEARCH_PATHS = "$(inherited) @executable_path/Frameworks @loader_path/Frameworks";
				PRODUCT_BUNDLE_IDENTIFIER = com.danielhjartstrom.ControlCenterCopyUITests;
				PRODUCT_NAME = "$(TARGET_NAME)";
				SWIFT_VERSION = 4.0;
				TARGETED_DEVICE_FAMILY = "1,2";
				TEST_TARGET_NAME = ControlCenterCopy;
			};
			name = Release;
		};
/* End XCBuildConfiguration section */

/* Begin XCConfigurationList section */
		7B18095220FA453F009B0852 /* Build configuration list for PBXProject "ControlCenterCopy" */ = {
			isa = XCConfigurationList;
			buildConfigurations = (
				7B18097D20FA453F009B0852 /* Debug */,
				7B18097E20FA453F009B0852 /* Release */,
			);
			defaultConfigurationIsVisible = 0;
			defaultConfigurationName = Release;
		};
		7B18097F20FA453F009B0852 /* Build configuration list for PBXNativeTarget "ControlCenterCopy" */ = {
			isa = XCConfigurationList;
			buildConfigurations = (
				7B18098020FA453F009B0852 /* Debug */,
				7B18098120FA453F009B0852 /* Release */,
			);
			defaultConfigurationIsVisible = 0;
			defaultConfigurationName = Release;
		};
		7B18098220FA453F009B0852 /* Build configuration list for PBXNativeTarget "ControlCenterCopyTests" */ = {
			isa = XCConfigurationList;
			buildConfigurations = (
				7B18098320FA453F009B0852 /* Debug */,
				7B18098420FA453F009B0852 /* Release */,
			);
			defaultConfigurationIsVisible = 0;
			defaultConfigurationName = Release;
		};
		7B18098520FA453F009B0852 /* Build configuration list for PBXNativeTarget "ControlCenterCopyUITests" */ = {
			isa = XCConfigurationList;
			buildConfigurations = (
				7B18098620FA453F009B0852 /* Debug */,
				7B18098720FA453F009B0852 /* Release */,
			);
			defaultConfigurationIsVisible = 0;
			defaultConfigurationName = Release;
		};
/* End XCConfigurationList section */
	};
	rootObject = 7B18094F20FA453F009B0852 /* Project object */;
}
